
Microsoft Visual Studio Solution File, Format Version 12.00
Project("{FAE04EC0-301F-11D3-BF4B-00C04F79EFBC}") = "ChatServer", "ChatServer\ChatServer.csproj", "{6CBFE8D4-483E-475F-851D-F96D14CCE062}"
EndProject
Global
	GlobalSection(SolutionConfigurationPlatforms) = preSolution
		Debug|Any CPU = Debug|Any CPU
		Release|Any CPU = Release|Any CPU
	EndGlobalSection
	GlobalSection(ProjectConfigurationPlatforms) = postSolution
		{6CBFE8D4-483E-475F-851D-F96D14CCE062}.Debug|Any CPU.ActiveCfg = Debug|Any CPU
		{6CBFE8D4-483E-475F-851D-F96D14CCE062}.Debug|Any CPU.Build.0 = Debug|Any CPU
		{6CBFE8D4-483E-475F-851D-F96D14CCE062}.Release|Any CPU.ActiveCfg = Release|Any CPU
		{6CBFE8D4-483E-475F-851D-F96D14CCE062}.Release|Any CPU.Build.0 = Release|Any CPU
	EndGlobalSection
EndGlobal
